
Microsoft Visual Studio Solution File, Format Version 12.00
Project("{FAE04EC0-301F-11D3-BF4B-00C04F79EFBC}") = "Aoc.Core", "Aoc.Core\Aoc.Core.csproj", "{4FBB248D-960C-4520-84FD-D0C041D68A23}"
EndProject
Project("{FAE04EC0-301F-11D3-BF4B-00C04F79EFBC}") = "Y2024", "Y2024\Y2024.csproj", "{601DC164-AAFE-4AEB-BEE4-A9D94988C3EE}"
EndProject
Project("{FAE04EC0-301F-11D3-BF4B-00C04F79EFBC}") = "Y2024Tests", "Y2024Tests\Y2024Tests.csproj", "{090DDAB8-71E4-4D1D-9818-ACC45F7FFD65}"
EndProject
Project("{FAE04EC0-301F-11D3-BF4B-00C04F79EFBC}") = "AocCli", "AocCli\AocCli.csproj", "{81D4E373-58FF-4E13-98B1-DBDCF48D5D55}"
EndProject
Global
	GlobalSection(SolutionConfigurationPlatforms) = preSolution
		Debug|Any CPU = Debug|Any CPU
		Release|Any CPU = Release|Any CPU
	EndGlobalSection
	GlobalSection(ProjectConfigurationPlatforms) = postSolution
		{4FBB248D-960C-4520-84FD-D0C041D68A23}.Debug|Any CPU.ActiveCfg = Debug|Any CPU
		{4FBB248D-960C-4520-84FD-D0C041D68A23}.Debug|Any CPU.Build.0 = Debug|Any CPU
		{4FBB248D-960C-4520-84FD-D0C041D68A23}.Release|Any CPU.ActiveCfg = Release|Any CPU
		{4FBB248D-960C-4520-84FD-D0C041D68A23}.Release|Any CPU.Build.0 = Release|Any CPU
		{39015D95-8D86-4D9B-8340-A46E17040038}.Debug|Any CPU.ActiveCfg = Debug|Any CPU
		{39015D95-8D86-4D9B-8340-A46E17040038}.Debug|Any CPU.Build.0 = Debug|Any CPU
		{39015D95-8D86-4D9B-8340-A46E17040038}.Release|Any CPU.ActiveCfg = Release|Any CPU
		{39015D95-8D86-4D9B-8340-A46E17040038}.Release|Any CPU.Build.0 = Release|Any CPU
		{0C55D26E-4AE2-4679-99D4-9AD7FC50D5BE}.Debug|Any CPU.ActiveCfg = Debug|Any CPU
		{0C55D26E-4AE2-4679-99D4-9AD7FC50D5BE}.Debug|Any CPU.Build.0 = Debug|Any CPU
		{0C55D26E-4AE2-4679-99D4-9AD7FC50D5BE}.Release|Any CPU.ActiveCfg = Release|Any CPU
		{0C55D26E-4AE2-4679-99D4-9AD7FC50D5BE}.Release|Any CPU.Build.0 = Release|Any CPU
		{601DC164-AAFE-4AEB-BEE4-A9D94988C3EE}.Debug|Any CPU.ActiveCfg = Debug|Any CPU
		{601DC164-AAFE-4AEB-BEE4-A9D94988C3EE}.Debug|Any CPU.Build.0 = Debug|Any CPU
		{601DC164-AAFE-4AEB-BEE4-A9D94988C3EE}.Release|Any CPU.ActiveCfg = Release|Any CPU
		{601DC164-AAFE-4AEB-BEE4-A9D94988C3EE}.Release|Any CPU.Build.0 = Release|Any CPU
		{090DDAB8-71E4-4D1D-9818-ACC45F7FFD65}.Debug|Any CPU.ActiveCfg = Debug|Any CPU
		{090DDAB8-71E4-4D1D-9818-ACC45F7FFD65}.Debug|Any CPU.Build.0 = Debug|Any CPU
		{090DDAB8-71E4-4D1D-9818-ACC45F7FFD65}.Release|Any CPU.ActiveCfg = Release|Any CPU
		{090DDAB8-71E4-4D1D-9818-ACC45F7FFD65}.Release|Any CPU.Build.0 = Release|Any CPU
		{81D4E373-58FF-4E13-98B1-DBDCF48D5D55}.Debug|Any CPU.ActiveCfg = Debug|Any CPU
		{81D4E373-58FF-4E13-98B1-DBDCF48D5D55}.Debug|Any CPU.Build.0 = Debug|Any CPU
		{81D4E373-58FF-4E13-98B1-DBDCF48D5D55}.Release|Any CPU.ActiveCfg = Release|Any CPU
		{81D4E373-58FF-4E13-98B1-DBDCF48D5D55}.Release|Any CPU.Build.0 = Release|Any CPU
	EndGlobalSection
EndGlobal
